
Microsoft Visual Studio Solution File, Format Version 12.00
# Visual Studio Version 17
VisualStudioVersion = 17.10.34814.14
MinimumVisualStudioVersion = 10.0.40219.1
Project("{FAE04EC0-301F-11D3-BF4B-00C04F79EFBC}") = "NgrixRandomWebsiteFinder", "NgrixRandomWebsiteFinder\NgrixRandomWebsiteFinder.csproj", "{115A1D51-2DC8-479F-8282-EC3AB8BAA086}"
EndProject
Global
	GlobalSection(SolutionConfigurationPlatforms) = preSolution
		Debug|Any CPU = Debug|Any CPU
		Release|Any CPU = Release|Any CPU
	EndGlobalSection
	GlobalSection(ProjectConfigurationPlatforms) = postSolution
		{115A1D51-2DC8-479F-8282-EC3AB8BAA086}.Debug|Any CPU.ActiveCfg = Debug|Any CPU
		{115A1D51-2DC8-479F-8282-EC3AB8BAA086}.Debug|Any CPU.Build.0 = Debug|Any CPU
		{115A1D51-2DC8-479F-8282-EC3AB8BAA086}.Release|Any CPU.ActiveCfg = Release|Any CPU
		{115A1D51-2DC8-479F-8282-EC3AB8BAA086}.Release|Any CPU.Build.0 = Release|Any CPU
	EndGlobalSection
	GlobalSection(SolutionProperties) = preSolution
		HideSolutionNode = FALSE
	EndGlobalSection
	GlobalSection(ExtensibilityGlobals) = postSolution
		SolutionGuid = {6962EC98-34D4-47E5-A808-D694EA28F3DB}
	EndGlobalSection
EndGlobal
